
Microsoft Visual Studio Solution File, Format Version 12.00
# Visual Studio Version 17
VisualStudioVersion = 17.7.34202.233
MinimumVisualStudioVersion = 10.0.40219.1
Project("{FAE04EC0-301F-11D3-BF4B-00C04F79EFBC}") = "ThreeDSecure", "ThreeDSecure\ThreeDSecure.csproj", "{63685052-8C20-4900-8961-91907AF2A27E}"
EndProject
Global
	GlobalSection(SolutionConfigurationPlatforms) = preSolution
		Debug|Any CPU = Debug|Any CPU
		Release|Any CPU = Release|Any CPU
	EndGlobalSection
	GlobalSection(ProjectConfigurationPlatforms) = postSolution
		{63685052-8C20-4900-8961-91907AF2A27E}.Debug|Any CPU.ActiveCfg = Debug|Any CPU
		{63685052-8C20-4900-8961-91907AF2A27E}.Debug|Any CPU.Build.0 = Debug|Any CPU
		{63685052-8C20-4900-8961-91907AF2A27E}.Release|Any CPU.ActiveCfg = Release|Any CPU
		{63685052-8C20-4900-8961-91907AF2A27E}.Release|Any CPU.Build.0 = Release|Any CPU
	EndGlobalSection
	GlobalSection(SolutionProperties) = preSolution
		HideSolutionNode = FALSE
	EndGlobalSection
	GlobalSection(ExtensibilityGlobals) = postSolution
		SolutionGuid = {C1E5A4A1-A346-4DB3-9883-0F95DB3FE17E}
	EndGlobalSection
EndGlobal
